
Microsoft Visual Studio Solution File, Format Version 12.00
# Visual Studio Version 17
VisualStudioVersion = 17.1.32210.238
MinimumVisualStudioVersion = 10.0.40219.1
Project("{9A19103F-16F7-4668-BE54-9A1E7A4F7556}") = "DrugBot", "src\DrugBot\DrugBot.csproj", "{C5BEBCE7-F55E-40F4-853B-6B7585AACB9E}"
EndProject
Project("{2150E333-8FDC-42A3-9474-1A3956D46DE8}") = "src", "src", "{DECA80E1-284B-4A80-8E34-DFE10108D778}"
EndProject
Project("{9A19103F-16F7-4668-BE54-9A1E7A4F7556}") = "Anecdotes", "src\Anecdotes\Anecdotes.csproj", "{2702EFBD-F269-440B-867E-E30A61D11DD8}"
EndProject
Project("{9A19103F-16F7-4668-BE54-9A1E7A4F7556}") = "Memes", "src\Memes\Memes.csproj", "{35EEF4EF-C721-464D-AF37-AE96A049165D}"
EndProject
Project("{FAE04EC0-301F-11D3-BF4B-00C04F79EFBC}") = "DrugBot.Abstraction", "src\DrugBot.Abstraction\DrugBot.Abstraction.csproj", "{4B999F6F-A0E4-4A67-9CBE-FEB234416E43}"
EndProject
Project("{FAE04EC0-301F-11D3-BF4B-00C04F79EFBC}") = "CustomProcessors", "src\CustomProcessors\CustomProcessors.csproj", "{94616372-662D-4C2D-B210-F76AC30370C7}"
EndProject
Project("{FAE04EC0-301F-11D3-BF4B-00C04F79EFBC}") = "DrugBot.Vk", "src\DrugBot.Vk\DrugBot.Vk.csproj", "{2E63FA22-8138-40B9-B09B-78600585E7DB}"
EndProject
Project("{FAE04EC0-301F-11D3-BF4B-00C04F79EFBC}") = "DrugBot.Infrastructure", "src\DrugBot.Infrastructure\DrugBot.Infrastructure.csproj", "{30BF0744-5385-4439-A646-4467E1EF96C7}"
EndProject
Project("{2150E333-8FDC-42A3-9474-1A3956D46DE8}") = "tests", "tests", "{F3263A10-6B49-4D7E-98F1-77ABFE28E691}"
EndProject
Project("{FAE04EC0-301F-11D3-BF4B-00C04F79EFBC}") = "DrugBot.Tests", "tests\DrugBot.Tests\DrugBot.Tests.csproj", "{C02A78D6-5A04-454C-8644-47363F4B609D}"
EndProject
Project("{FAE04EC0-301F-11D3-BF4B-00C04F79EFBC}") = "DrugBot.ServerApp", "src\DrugBot.ServerApp\DrugBot.ServerApp.csproj", "{2DD4E9B1-06ED-4B64-B1AB-9D302334F995}"
EndProject
Project("{2150E333-8FDC-42A3-9474-1A3956D46DE8}") = "Solution Items", "Solution Items", "{F05C2ED6-28DB-4175-8E3A-BF6B64E23C76}"
	ProjectSection(SolutionItems) = preProject
		docker-compose.yml = docker-compose.yml
	EndProjectSection
EndProject
Global
	GlobalSection(SolutionConfigurationPlatforms) = preSolution
		Debug|Any CPU = Debug|Any CPU
		Release|Any CPU = Release|Any CPU
	EndGlobalSection
	GlobalSection(ProjectConfigurationPlatforms) = postSolution
		{C5BEBCE7-F55E-40F4-853B-6B7585AACB9E}.Debug|Any CPU.ActiveCfg = Debug|Any CPU
		{C5BEBCE7-F55E-40F4-853B-6B7585AACB9E}.Debug|Any CPU.Build.0 = Debug|Any CPU
		{C5BEBCE7-F55E-40F4-853B-6B7585AACB9E}.Release|Any CPU.ActiveCfg = Release|Any CPU
		{C5BEBCE7-F55E-40F4-853B-6B7585AACB9E}.Release|Any CPU.Build.0 = Release|Any CPU
		{2702EFBD-F269-440B-867E-E30A61D11DD8}.Debug|Any CPU.ActiveCfg = Debug|Any CPU
		{2702EFBD-F269-440B-867E-E30A61D11DD8}.Debug|Any CPU.Build.0 = Debug|Any CPU
		{2702EFBD-F269-440B-867E-E30A61D11DD8}.Release|Any CPU.ActiveCfg = Release|Any CPU
		{2702EFBD-F269-440B-867E-E30A61D11DD8}.Release|Any CPU.Build.0 = Release|Any CPU
		{35EEF4EF-C721-464D-AF37-AE96A049165D}.Debug|Any CPU.ActiveCfg = Debug|Any CPU
		{35EEF4EF-C721-464D-AF37-AE96A049165D}.Debug|Any CPU.Build.0 = Debug|Any CPU
		{35EEF4EF-C721-464D-AF37-AE96A049165D}.Release|Any CPU.ActiveCfg = Release|Any CPU
		{35EEF4EF-C721-464D-AF37-AE96A049165D}.Release|Any CPU.Build.0 = Release|Any CPU
		{4B999F6F-A0E4-4A67-9CBE-FEB234416E43}.Debug|Any CPU.ActiveCfg = Debug|Any CPU
		{4B999F6F-A0E4-4A67-9CBE-FEB234416E43}.Debug|Any CPU.Build.0 = Debug|Any CPU
		{4B999F6F-A0E4-4A67-9CBE-FEB234416E43}.Release|Any CPU.ActiveCfg = Release|Any CPU
		{4B999F6F-A0E4-4A67-9CBE-FEB234416E43}.Release|Any CPU.Build.0 = Release|Any CPU
		{94616372-662D-4C2D-B210-F76AC30370C7}.Debug|Any CPU.ActiveCfg = Debug|Any CPU
		{94616372-662D-4C2D-B210-F76AC30370C7}.Debug|Any CPU.Build.0 = Debug|Any CPU
		{94616372-662D-4C2D-B210-F76AC30370C7}.Release|Any CPU.ActiveCfg = Release|Any CPU
		{94616372-662D-4C2D-B210-F76AC30370C7}.Release|Any CPU.Build.0 = Release|Any CPU
		{2E63FA22-8138-40B9-B09B-78600585E7DB}.Debug|Any CPU.ActiveCfg = Debug|Any CPU
		{2E63FA22-8138-40B9-B09B-78600585E7DB}.Debug|Any CPU.Build.0 = Debug|Any CPU
		{2E63FA22-8138-40B9-B09B-78600585E7DB}.Release|Any CPU.ActiveCfg = Release|Any CPU
		{2E63FA22-8138-40B9-B09B-78600585E7DB}.Release|Any CPU.Build.0 = Release|Any CPU
		{30BF0744-5385-4439-A646-4467E1EF96C7}.Debug|Any CPU.ActiveCfg = Debug|Any CPU
		{30BF0744-5385-4439-A646-4467E1EF96C7}.Debug|Any CPU.Build.0 = Debug|Any CPU
		{30BF0744-5385-4439-A646-4467E1EF96C7}.Release|Any CPU.ActiveCfg = Release|Any CPU
		{30BF0744-5385-4439-A646-4467E1EF96C7}.Release|Any CPU.Build.0 = Release|Any CPU
		{C02A78D6-5A04-454C-8644-47363F4B609D}.Debug|Any CPU.ActiveCfg = Debug|Any CPU
		{C02A78D6-5A04-454C-8644-47363F4B609D}.Debug|Any CPU.Build.0 = Debug|Any CPU
		{C02A78D6-5A04-454C-8644-47363F4B609D}.Release|Any CPU.ActiveCfg = Release|Any CPU
		{C02A78D6-5A04-454C-8644-47363F4B609D}.Release|Any CPU.Build.0 = Release|Any CPU
		{2DD4E9B1-06ED-4B64-B1AB-9D302334F995}.Debug|Any CPU.ActiveCfg = Debug|Any CPU
		{2DD4E9B1-06ED-4B64-B1AB-9D302334F995}.Debug|Any CPU.Build.0 = Debug|Any CPU
		{2DD4E9B1-06ED-4B64-B1AB-9D302334F995}.Release|Any CPU.ActiveCfg = Release|Any CPU
		{2DD4E9B1-06ED-4B64-B1AB-9D302334F995}.Release|Any CPU.Build.0 = Release|Any CPU
	EndGlobalSection
	GlobalSection(SolutionProperties) = preSolution
		HideSolutionNode = FALSE
	EndGlobalSection
	GlobalSection(NestedProjects) = preSolution
		{C5BEBCE7-F55E-40F4-853B-6B7585AACB9E} = {DECA80E1-284B-4A80-8E34-DFE10108D778}
		{2702EFBD-F269-440B-867E-E30A61D11DD8} = {DECA80E1-284B-4A80-8E34-DFE10108D778}
		{35EEF4EF-C721-464D-AF37-AE96A049165D} = {DECA80E1-284B-4A80-8E34-DFE10108D778}
		{4B999F6F-A0E4-4A67-9CBE-FEB234416E43} = {DECA80E1-284B-4A80-8E34-DFE10108D778}
		{94616372-662D-4C2D-B210-F76AC30370C7} = {DECA80E1-284B-4A80-8E34-DFE10108D778}
		{2E63FA22-8138-40B9-B09B-78600585E7DB} = {DECA80E1-284B-4A80-8E34-DFE10108D778}
		{30BF0744-5385-4439-A646-4467E1EF96C7} = {DECA80E1-284B-4A80-8E34-DFE10108D778}
		{C02A78D6-5A04-454C-8644-47363F4B609D} = {F3263A10-6B49-4D7E-98F1-77ABFE28E691}
		{2DD4E9B1-06ED-4B64-B1AB-9D302334F995} = {DECA80E1-284B-4A80-8E34-DFE10108D778}
	EndGlobalSection
	GlobalSection(ExtensibilityGlobals) = postSolution
		SolutionGuid = {9C51964D-8896-451C-A8C7-3A7B66C187FF}
	EndGlobalSection
EndGlobal
