
Microsoft Visual Studio Solution File, Format Version 12.00
Project("{FAE04EC0-301F-11D3-BF4B-00C04F79EFBC}") = "ConsoleApp", "ConsoleApp\ConsoleApp.csproj", "{A32D1281-18EF-4866-AD08-AA5C98A09BB9}"
EndProject
Project("{FAE04EC0-301F-11D3-BF4B-00C04F79EFBC}") = "DrugBot", "DrugBot\DrugBot.csproj", "{C5BEBCE7-F55E-40F4-853B-6B7585AACB9E}"
EndProject
Global
	GlobalSection(SolutionConfigurationPlatforms) = preSolution
		Debug|Any CPU = Debug|Any CPU
		Release|Any CPU = Release|Any CPU
	EndGlobalSection
	GlobalSection(ProjectConfigurationPlatforms) = postSolution
		{A32D1281-18EF-4866-AD08-AA5C98A09BB9}.Debug|Any CPU.ActiveCfg = Debug|Any CPU
		{A32D1281-18EF-4866-AD08-AA5C98A09BB9}.Debug|Any CPU.Build.0 = Debug|Any CPU
		{A32D1281-18EF-4866-AD08-AA5C98A09BB9}.Release|Any CPU.ActiveCfg = Release|Any CPU
		{A32D1281-18EF-4866-AD08-AA5C98A09BB9}.Release|Any CPU.Build.0 = Release|Any CPU
		{C5BEBCE7-F55E-40F4-853B-6B7585AACB9E}.Debug|Any CPU.ActiveCfg = Debug|Any CPU
		{C5BEBCE7-F55E-40F4-853B-6B7585AACB9E}.Debug|Any CPU.Build.0 = Debug|Any CPU
		{C5BEBCE7-F55E-40F4-853B-6B7585AACB9E}.Release|Any CPU.ActiveCfg = Release|Any CPU
		{C5BEBCE7-F55E-40F4-853B-6B7585AACB9E}.Release|Any CPU.Build.0 = Release|Any CPU
	EndGlobalSection
EndGlobal
